Microsoft Visual Studio Solution File, Format Version 11.00
# Visual Studio 2008

Project("{54E14149-4366-0F7F-4ADA-68A81E2E5F1E}") = "Unity-VNC-Client", "Assembly-CSharp-firstpass-vs.csproj", "{3A9D4608-B03D-B1CE-83EF-D479B844EE1A}"
EndProject
Project("{54E14149-4366-0F7F-4ADA-68A81E2E5F1E}") = "Unity-VNC-Client", "Assembly-CSharp-vs.csproj", "{523ED414-87E8-FD43-B953-95BE71C98BD7}"
EndProject
Project("{54E14149-4366-0F7F-4ADA-68A81E2E5F1E}") = "Unity-VNC-Client", "Assembly-CSharp-Editor-vs.csproj", "{A44BFBB9-3320-7283-CA8F-F17A674E3F71}"
EndProject
Global
	GlobalSection(SolutionConfigurationPlatforms) = preSolution
		Debug|Any CPU = Debug|Any CPU
		Release|Any CPU = Release|Any CPU
	EndGlobalSection
	GlobalSection(ProjectConfigurationPlatforms) = postSolution
		{3A9D4608-B03D-B1CE-83EF-D479B844EE1A}.Debug|Any CPU.ActiveCfg = Debug|Any CPU
		{3A9D4608-B03D-B1CE-83EF-D479B844EE1A}.Debug|Any CPU.Build.0 = Debug|Any CPU
		{3A9D4608-B03D-B1CE-83EF-D479B844EE1A}.Release|Any CPU.ActiveCfg = Release|Any CPU
		{3A9D4608-B03D-B1CE-83EF-D479B844EE1A}.Release|Any CPU.Build.0 = Release|Any CPU
		{523ED414-87E8-FD43-B953-95BE71C98BD7}.Debug|Any CPU.ActiveCfg = Debug|Any CPU
		{523ED414-87E8-FD43-B953-95BE71C98BD7}.Debug|Any CPU.Build.0 = Debug|Any CPU
		{523ED414-87E8-FD43-B953-95BE71C98BD7}.Release|Any CPU.ActiveCfg = Release|Any CPU
		{523ED414-87E8-FD43-B953-95BE71C98BD7}.Release|Any CPU.Build.0 = Release|Any CPU
		{A44BFBB9-3320-7283-CA8F-F17A674E3F71}.Debug|Any CPU.ActiveCfg = Debug|Any CPU
		{A44BFBB9-3320-7283-CA8F-F17A674E3F71}.Debug|Any CPU.Build.0 = Debug|Any CPU
		{A44BFBB9-3320-7283-CA8F-F17A674E3F71}.Release|Any CPU.ActiveCfg = Release|Any CPU
		{A44BFBB9-3320-7283-CA8F-F17A674E3F71}.Release|Any CPU.Build.0 = Release|Any CPU
	EndGlobalSection
	GlobalSection(SolutionProperties) = preSolution
		HideSolutionNode = FALSE
	EndGlobalSection
																																																																																														GlobalSection(MonoDevelopProperties) = preSolution
		StartupItem = Assembly-CSharp.csproj
		Policies = $0
		$0.TextStylePolicy = $1
		$1.inheritsSet = null
		$1.scope = text/x-csharp
		$0.CSharpFormattingPolicy = $2
		$2.inheritsSet = Mono
		$2.inheritsScope = text/x-csharp
		$2.scope = text/x-csharp
		$0.TextStylePolicy = $3
		$3.FileWidth = 120
		$3.TabWidth = 4
		$3.EolMarker = Unix
		$3.inheritsSet = Mono
		$3.inheritsScope = text/plain
		$3.scope = text/plain
	EndGlobalSection

EndGlobal
